# THIS IS AN AUTOGENERATED FILE. DO NOT EDIT THIS FILE DIRECTLY.
# yarn lockfile v1


"applicationstate@git+https://github.com/claytongulick/applicationstate.git":
  version "0.0.1"
  resolved "git+https://github.com/claytongulick/applicationstate.git#413552fc5ef1eeb062641ef1eae81d2c9d61423e"

esm@^3.2.4:
  version "3.2.4"
  resolved "https://registry.yarnpkg.com/esm/-/esm-3.2.4.tgz#0b728b5d6043061bf552197407bf2c630717812b"
  integrity sha512-wOuWtQCkkwD1WKQN/k3RsyGSSN+AmiUzdKftn8vaC+uV9JesYmQlODJxgXaaRz0LaaFIlUxZaUu5NPiUAjKAAA==
